
Microsoft Visual Studio Solution File, Format Version 12.00
# Visual Studio 15
VisualStudioVersion = 15.0.28307.960
MinimumVisualStudioVersion = 10.0.40219.1
Project("{FAE04EC0-301F-11D3-BF4B-00C04F79EFBC}") = "hamburgerUygulamasi", "hamburgerUygulamasi\hamburgerUygulamasi.csproj", "{F6B89100-B520-45A7-A54E-D0A895D410F0}"
EndProject
Global
	GlobalSection(SolutionConfigurationPlatforms) = preSolution
		Debug|Any CPU = Debug|Any CPU
		Release|Any CPU = Release|Any CPU
	EndGlobalSection
	GlobalSection(ProjectConfigurationPlatforms) = postSolution
		{F6B89100-B520-45A7-A54E-D0A895D410F0}.Debug|Any CPU.ActiveCfg = Debug|Any CPU
		{F6B89100-B520-45A7-A54E-D0A895D410F0}.Debug|Any CPU.Build.0 = Debug|Any CPU
		{F6B89100-B520-45A7-A54E-D0A895D410F0}.Release|Any CPU.ActiveCfg = Release|Any CPU
		{F6B89100-B520-45A7-A54E-D0A895D410F0}.Release|Any CPU.Build.0 = Release|Any CPU
	EndGlobalSection
	GlobalSection(SolutionProperties) = preSolution
		HideSolutionNode = FALSE
	EndGlobalSection
	GlobalSection(ExtensibilityGlobals) = postSolution
		SolutionGuid = {EC1102A3-68AB-4D36-813B-675C81323089}
	EndGlobalSection
EndGlobal
